PODS:
  - APParallaxHeader (0.1.6)
  - BlocksKit (2.2.5):
    - BlocksKit/All (= 2.2.5)
  - BlocksKit/All (2.2.5):
    - BlocksKit/Core
    - BlocksKit/DynamicDelegate
    - BlocksKit/MessageUI
    - BlocksKit/UIKit
  - BlocksKit/Core (2.2.5)
  - BlocksKit/DynamicDelegate (2.2.5)
  - BlocksKit/MessageUI (2.2.5):
    - BlocksKit/Core
    - BlocksKit/DynamicDelegate
  - BlocksKit/UIKit (2.2.5):
    - BlocksKit/Core
    - BlocksKit/DynamicDelegate
  - FontAwesome+iOS (0.1.4)
  - hpple (0.2.0)
  - iVersion (1.11.4)
  - MarqueeLabel (2.2.1)
  - Masonry (0.5.3)
  - MBProgressHUD (0.9)
  - MMMarkdown (0.3)
  - NYXImagesKit (2.3)
  - pop (1.0.7)
  - POP+MCAnimate (2.0.1):
    - pop (~> 1.0)
    - POP+MCAnimate/Animations (= 2.0.1)
    - POP+MCAnimate/Group (= 2.0.1)
    - POP+MCAnimate/Internal (= 2.0.1)
    - POP+MCAnimate/Shorthand (= 2.0.1)
    - POP+MCAnimate/Velocity (= 2.0.1)
  - POP+MCAnimate/Animations (2.0.1):
    - pop (~> 1.0)
    - POP+MCAnimate/Group
    - POP+MCAnimate/Internal
    - POP+MCAnimate/Shorthand
    - POP+MCAnimate/Velocity
  - POP+MCAnimate/Group (2.0.1):
    - pop (~> 1.0)
  - POP+MCAnimate/Internal (2.0.1):
    - pop (~> 1.0)
  - POP+MCAnimate/Shorthand (2.0.1):
    - pop (~> 1.0)
  - POP+MCAnimate/Velocity (2.0.1):
    - pop (~> 1.0)
    - POP+MCAnimate/Internal
  - PPiAwesomeButton (1.5.2):
    - FontAwesome+iOS
  - RBBAnimation (0.3.0)
  - ReactiveCocoa (2.3.1):
    - ReactiveCocoa/UI (= 2.3.1)
  - ReactiveCocoa/Core (2.3.1):
    - ReactiveCocoa/no-arc
  - ReactiveCocoa/no-arc (2.3.1)
  - ReactiveCocoa/UI (2.3.1):
    - ReactiveCocoa/Core
  - RegexKitLite (4.0)
  - SDCAlertView (2.4.1):
    - RBBAnimation (~> 0.3)
    - SDCAutoLayout (~> 2.0)
  - SDCAutoLayout (2.0.3)
  - TPKeyboardAvoiding (1.2.4)
  - TTTAttributedLabel (1.10.1)
  - UIImage+BlurredFrame (0.0.4)

DEPENDENCIES:
  - APParallaxHeader
  - BlocksKit (= 2.2.5)
  - hpple (= 0.2.0)
  - iVersion (~> 1.11.4)
  - MarqueeLabel
  - Masonry (= 0.5.3)
  - MBProgressHUD (= 0.9)
  - MMMarkdown (= 0.3)
  - NYXImagesKit (= 2.3)
  - POP+MCAnimate (= 2.0.1)
  - PPiAwesomeButton
  - ReactiveCocoa (= 2.3.1)
  - RegexKitLite (= 4.0)
  - SDCAlertView (~> 2.4.1)
  - TPKeyboardAvoiding (= 1.2.4)
  - TTTAttributedLabel (= 1.10.1)
  - UIImage+BlurredFrame (= 0.0.4)

SPEC CHECKSUMS:
  APParallaxHeader: 854bc48a2487ca12c702f8a236fec0d89cdac5c3
  BlocksKit: 7f422b971407001178d181a43b99014ea2591fe6
  FontAwesome+iOS: 9070b682a9255ca0fdc34bcfb129ad0ba2b73b87
  hpple: 3b765f96fc2cd56ad1a49aef6f7be5cb2aa64b57
  iVersion: 2b6ffe708672cb494ba3cab150a94800c2892e81
  MarqueeLabel: c024bab67a1558e8e127132be3b6d66a702405fe
  Masonry: 9f515466afe48632562342a40a1c224071a1a022
  MBProgressHUD: d8e7ea388dc1549a42e0d219067cf5f2c898fb66
  MMMarkdown: 13af1af50e5f476f1097797f43ea2bd76c83067a
  NYXImagesKit: 8163e3335a40eaa173ca5bbbf81fafb57d3947eb
  pop: 628ffc631644601567ee8bfaaaea493ebd7d0923
  POP+MCAnimate: a99e209148c602512de487f1160a44bf78572024
  PPiAwesomeButton: 16f7279582fd36f65186b24b83ef876217363eb5
  RBBAnimation: cb6cb419f511434ce932f7d0fabf369612fafb4e
  ReactiveCocoa: 334468a83b2c5f669f7cfb9a084415ee23219b4f
  RegexKitLite: c0e4c12e6e7de0769f3a3ed679f0f61604170661
  SDCAlertView: ff4c6c76ccdfcd0fa20e0ee5e044630f93fb3d12
  SDCAutoLayout: e6885bb39ab8e2ec2ff84d158f38035f025f7420
  TPKeyboardAvoiding: 0a40dfbb0af7c8bdae1dd457496dccfd217d85f6
  TTTAttributedLabel: c8f3801a6463b9c9b82b0c84c465fdda9751892a
  UIImage+BlurredFrame: ad2f7195c6947ea3117c7d202f75a51958d5061a

COCOAPODS: 0.36.3
