PODS:
  - APParallaxHeader (0.1.6)
  - BlocksKit (2.2.5):
    - BlocksKit/All (= 2.2.5)
  - BlocksKit/All (2.2.5):
    - BlocksKit/Core
    - BlocksKit/DynamicDelegate
    - BlocksKit/MessageUI
    - BlocksKit/UIKit
  - BlocksKit/Core (2.2.5)
  - BlocksKit/DynamicDelegate (2.2.5)
  - BlocksKit/MessageUI (2.2.5):
    - BlocksKit/Core
    - BlocksKit/DynamicDelegate
  - BlocksKit/UIKit (2.2.5):
    - BlocksKit/Core
    - BlocksKit/DynamicDelegate
  - evernote-cloud-sdk-ios (2.0.2)
  - FLEX (2.1.1)
  - FontAwesome+iOS (0.1.4)
  - Google/Analytics (1.0.7):
    - Google/Core
    - GoogleAnalytics (~> 3.12)
  - Google/Core (1.0.7):
    - GoogleNetworkingUtilities (~> 1.0)
    - GoogleSymbolUtilities (~> 1.0)
    - GoogleUtilities (~> 1.0)
  - GoogleAnalytics (3.14.0)
  - GoogleNetworkingUtilities (1.0.0):
    - GoogleSymbolUtilities (~> 1.0)
  - GoogleSymbolUtilities (1.0.3)
  - GoogleUtilities (1.1.0):
    - GoogleSymbolUtilities (~> 1.0.0)
  - hpple (0.2.0)
  - iVersion (1.11.4)
  - JazzHands (2.0.0)
  - MarqueeLabel (2.3.5)
  - Masonry (0.5.3)
  - MBProgressHUD (0.9)
  - MMMarkdown (0.3)
  - NYXImagesKit (2.3)
  - pop (1.0.8)
  - POP+MCAnimate (2.0.1):
    - pop (~> 1.0)
    - POP+MCAnimate/Animations (= 2.0.1)
    - POP+MCAnimate/Group (= 2.0.1)
    - POP+MCAnimate/Internal (= 2.0.1)
    - POP+MCAnimate/Shorthand (= 2.0.1)
    - POP+MCAnimate/Velocity (= 2.0.1)
  - POP+MCAnimate/Animations (2.0.1):
    - pop (~> 1.0)
    - POP+MCAnimate/Group
    - POP+MCAnimate/Internal
    - POP+MCAnimate/Shorthand
    - POP+MCAnimate/Velocity
  - POP+MCAnimate/Group (2.0.1):
    - pop (~> 1.0)
  - POP+MCAnimate/Internal (2.0.1):
    - pop (~> 1.0)
  - POP+MCAnimate/Shorthand (2.0.1):
    - pop (~> 1.0)
  - POP+MCAnimate/Velocity (2.0.1):
    - pop (~> 1.0)
    - POP+MCAnimate/Internal
  - PPiAwesomeButton (1.5.2):
    - FontAwesome+iOS
  - RBBAnimation (0.4.0)
  - ReactiveCocoa (2.3.1):
    - ReactiveCocoa/UI (= 2.3.1)
  - ReactiveCocoa/Core (2.3.1):
    - ReactiveCocoa/no-arc
  - ReactiveCocoa/no-arc (2.3.1)
  - ReactiveCocoa/UI (2.3.1):
    - ReactiveCocoa/Core
  - RegexKitLite-NoWarning (1.1.0)
  - SDCAlertView (2.5.2):
    - RBBAnimation (~> 0.3)
    - SDCAutoLayout (~> 2.0)
  - SDCAutoLayout (2.0.3)
  - SSKeychain (1.2.3)
  - TMCache (2.1.0)
  - TPKeyboardAvoiding (1.2.4)
  - TTTAttributedLabel (1.10.1)
  - UIImage+BlurredFrame (0.0.4)
  - UMengAnalytics (3.5.10)
  - UMengSocial (4.2.3)

DEPENDENCIES:
  - APParallaxHeader
  - BlocksKit (= 2.2.5)
  - evernote-cloud-sdk-ios (= 2.0.2)
  - FLEX (~> 2.0)
  - Google/Analytics (~> 1.0.0)
  - hpple (= 0.2.0)
  - iVersion (= 1.11.4)
  - JazzHands (= 2.0.0)
  - MarqueeLabel
  - Masonry (= 0.5.3)
  - MBProgressHUD (= 0.9)
  - MMMarkdown (= 0.3)
  - NYXImagesKit (= 2.3)
  - POP+MCAnimate (= 2.0.1)
  - PPiAwesomeButton
  - ReactiveCocoa (= 2.3.1)
  - RegexKitLite-NoWarning (= 1.1.0)
  - SDCAlertView (= 2.5.2)
  - SSKeychain (= 1.2.3)
  - TMCache (= 2.1.0)
  - TPKeyboardAvoiding (= 1.2.4)
  - TTTAttributedLabel (= 1.10.1)
  - UIImage+BlurredFrame (= 0.0.4)
  - UMengAnalytics (= 3.5.10)
  - UMengSocial (= 4.2.3)

SPEC CHECKSUMS:
  APParallaxHeader: 854bc48a2487ca12c702f8a236fec0d89cdac5c3
  BlocksKit: 7f422b971407001178d181a43b99014ea2591fe6
  evernote-cloud-sdk-ios: 7a6e5402b837ea79ef0179caff5ffe7b4f235615
  FLEX: 27b768fcae23a313a1eb115076d429180ca9b472
  FontAwesome+iOS: 9070b682a9255ca0fdc34bcfb129ad0ba2b73b87
  Google: 875f5a8ade86dd02e36586e4a54814843938c7f6
  GoogleAnalytics: 9be1afdb8deeac4bb5f13ca7f7d3b9db2a1f43dc
  GoogleNetworkingUtilities: 292992ab31b7b4ba32809a0e8b40e324cdfb2c0c
  GoogleSymbolUtilities: 82ad9f93d3615244b3f4ce440f5ab2515e8b4f56
  GoogleUtilities: 8ed9134debe11719097881711464752900668f10
  hpple: 3b765f96fc2cd56ad1a49aef6f7be5cb2aa64b57
  iVersion: 2b6ffe708672cb494ba3cab150a94800c2892e81
  JazzHands: 00002e9b1284e7fc1ac6555012e81b8942477242
  MarqueeLabel: fd29be3b4cf5f37b01676749409679aac23eb6fa
  Masonry: 9f515466afe48632562342a40a1c224071a1a022
  MBProgressHUD: d8e7ea388dc1549a42e0d219067cf5f2c898fb66
  MMMarkdown: 13af1af50e5f476f1097797f43ea2bd76c83067a
  NYXImagesKit: 8163e3335a40eaa173ca5bbbf81fafb57d3947eb
  pop: bb773ae2c791ca2629de13b347e7a8b450fa6a57
  POP+MCAnimate: a99e209148c602512de487f1160a44bf78572024
  PPiAwesomeButton: 16f7279582fd36f65186b24b83ef876217363eb5
  RBBAnimation: 4b2d66f6d993febce63cd564da934985313b9c59
  ReactiveCocoa: 3fe9b233ca6db810e86681b5749488564c1179a1
  RegexKitLite-NoWarning: 365d208f8187997e33d9de8baeddfc00728596d8
  SDCAlertView: f9706c18f456ea87909f8f199704cd28e582ff27
  SDCAutoLayout: e6885bb39ab8e2ec2ff84d158f38035f025f7420
  SSKeychain: 3f42991739c6c60a9cf1bbd4dff6c0d3694bcf3d
  TMCache: 95ebcc9b3c7e90fb5fd8fc3036cba3aa781c9bed
  TPKeyboardAvoiding: 0a40dfbb0af7c8bdae1dd457496dccfd217d85f6
  TTTAttributedLabel: c8f3801a6463b9c9b82b0c84c465fdda9751892a
  UIImage+BlurredFrame: ad2f7195c6947ea3117c7d202f75a51958d5061a
  UMengAnalytics: 092c24aef47b6ac3c76ad51543f91156a8d7b645
  UMengSocial: 85882abe5b20aa38ad558ece71360e16b5d50909

COCOAPODS: 0.39.0
